
Microsoft Visual Studio Solution File, Format Version 12.00
# Visual Studio 15
VisualStudioVersion = 15.0.27703.2018
MinimumVisualStudioVersion = 10.0.40219.1
Project("{FAE04EC0-301F-11D3-BF4B-00C04F79EFBC}") = "1.简单工厂模式", "1.简单工厂模式\1.简单工厂模式.csproj", "{122F86A9-0471-4989-BE9D-DFD26D6EB803}"
EndProject
Project("{FAE04EC0-301F-11D3-BF4B-00C04F79EFBC}") = "2.策略模式", "2.策略模式\2.策略模式.csproj", "{582E33EB-9A02-482B-A9E6-AC0F7442461F}"
EndProject
Project("{FAE04EC0-301F-11D3-BF4B-00C04F79EFBC}") = "3.装饰模式", "3.装饰模式\3.装饰模式.csproj", "{14D91F26-61B3-4140-B27D-DE0A4F1897F9}"
EndProject
Project("{FAE04EC0-301F-11D3-BF4B-00C04F79EFBC}") = "4.代理模式", "4.代理模式\4.代理模式.csproj", "{E7F978A7-B0D7-450F-B020-B8B029ABFAC0}"
EndProject
Project("{FAE04EC0-301F-11D3-BF4B-00C04F79EFBC}") = "5.工厂模式", "5.工厂模式\5.工厂模式.csproj", "{0CDEADAB-F57E-4CAA-BF89-63C6876839D6}"
EndProject
Project("{FAE04EC0-301F-11D3-BF4B-00C04F79EFBC}") = "6.原型模式", "6.原型模式\6.原型模式.csproj", "{A48148B3-C642-45F4-A6C6-304AF253968A}"
EndProject
Project("{FAE04EC0-301F-11D3-BF4B-00C04F79EFBC}") = "7.模板模式", "7.模板模式\7.模板模式.csproj", "{32438257-DF6F-4020-9B72-4CEE52100BF9}"
EndProject
Project("{FAE04EC0-301F-11D3-BF4B-00C04F79EFBC}") = "8.外观模式", "8.外观模式\8.外观模式.csproj", "{E8FF0BB5-8EC1-4746-A6ED-B95CE8E9CA1E}"
EndProject
Project("{FAE04EC0-301F-11D3-BF4B-00C04F79EFBC}") = "9.0.建造者模式", "9.建造者模式\9.0.建造者模式.csproj", "{97BD8825-2355-46E2-BE66-82A386F4EBA5}"
EndProject
Project("{FAE04EC0-301F-11D3-BF4B-00C04F79EFBC}") = "9.1建造者模式", "9.1建造者模式\9.1建造者模式.csproj", "{FE1CAA6B-D0F2-4384-919E-2072E7970137}"
EndProject
Project("{FAE04EC0-301F-11D3-BF4B-00C04F79EFBC}") = "10.观察者模式", "10.观察者模式\10.观察者模式.csproj", "{662D4A35-BB3B-44E6-A293-ABDAF8E3179E}"
EndProject
Project("{FAE04EC0-301F-11D3-BF4B-00C04F79EFBC}") = "10.1观察模式", "10.1观察模式\10.1观察模式.csproj", "{16A30A96-70E0-4B39-BF1C-C668121DF540}"
EndProject
Project("{FAE04EC0-301F-11D3-BF4B-00C04F79EFBC}") = "11.抽象工厂", "11.抽象工厂\11.抽象工厂.csproj", "{1DEAE0FA-4311-4EA8-805B-1FD55016A696}"
EndProject
Project("{FAE04EC0-301F-11D3-BF4B-00C04F79EFBC}") = "12.状态模式", "12.状态模式\12.状态模式.csproj", "{5E3609B5-196D-4404-A076-DD27C3658036}"
EndProject
Project("{FAE04EC0-301F-11D3-BF4B-00C04F79EFBC}") = "13.适配器模式", "13.适配器模式\13.适配器模式.csproj", "{A78C28DF-EFB3-49C5-BF98-3F81200B6279}"
EndProject
Project("{FAE04EC0-301F-11D3-BF4B-00C04F79EFBC}") = "14.备忘录模式", "14.备忘录模式\14.备忘录模式.csproj", "{6CBE6079-A737-4D18-99EF-5D178BF90312}"
EndProject
Project("{FAE04EC0-301F-11D3-BF4B-00C04F79EFBC}") = "15.组合模式", "15.组合模式\15.组合模式.csproj", "{940C4C9F-2FD4-467D-B598-08AA5BC90D5B}"
EndProject
Project("{FAE04EC0-301F-11D3-BF4B-00C04F79EFBC}") = "16.迭代模式", "16.迭代模式\16.迭代模式.csproj", "{E72EEDC0-354E-4458-8598-D293E26A7E68}"
EndProject
Project("{FAE04EC0-301F-11D3-BF4B-00C04F79EFBC}") = "17.桥接模式", "17.桥接模式\17.桥接模式.csproj", "{2C1EBB0A-2B95-46B3-ADC3-F9E95C646004}"
EndProject
Project("{FAE04EC0-301F-11D3-BF4B-00C04F79EFBC}") = "18.命令模式", "18.命令模式\18.命令模式.csproj", "{35A7B951-806E-404D-975C-82FABFD74A49}"
EndProject
Project("{FAE04EC0-301F-11D3-BF4B-00C04F79EFBC}") = "19.职责链模式", "19.职责链模式\19.职责链模式.csproj", "{DA297AC5-280B-40FF-B179-2E18A2C6E2A8}"
EndProject
Project("{FAE04EC0-301F-11D3-BF4B-00C04F79EFBC}") = "20.中介模式", "20.中介模式\20.中介模式.csproj", "{94C7682B-78F0-4215-8203-5DC3DFAEDA5D}"
EndProject
Project("{FAE04EC0-301F-11D3-BF4B-00C04F79EFBC}") = "21.享元模式", "21.享元模式\21.享元模式.csproj", "{8EEF975C-AED5-4A9B-8CA3-3F4CE1744506}"
EndProject
Project("{FAE04EC0-301F-11D3-BF4B-00C04F79EFBC}") = "22.解释器模式", "22.解释器模式\22.解释器模式.csproj", "{DCA5CC82-4B6E-48B1-8110-5B384F4B6140}"
EndProject
Project("{FAE04EC0-301F-11D3-BF4B-00C04F79EFBC}") = "23.访问者模式", "23.访问者模式\23.访问者模式.csproj", "{CD2E5F08-ABC6-405C-874D-A04AD6CC32AC}"
EndProject
Global
	GlobalSection(SolutionConfigurationPlatforms) = preSolution
		Debug|Any CPU = Debug|Any CPU
		Release|Any CPU = Release|Any CPU
	EndGlobalSection
	GlobalSection(ProjectConfigurationPlatforms) = postSolution
		{122F86A9-0471-4989-BE9D-DFD26D6EB803}.Debug|Any CPU.ActiveCfg = Debug|Any CPU
		{122F86A9-0471-4989-BE9D-DFD26D6EB803}.Debug|Any CPU.Build.0 = Debug|Any CPU
		{122F86A9-0471-4989-BE9D-DFD26D6EB803}.Release|Any CPU.ActiveCfg = Release|Any CPU
		{122F86A9-0471-4989-BE9D-DFD26D6EB803}.Release|Any CPU.Build.0 = Release|Any CPU
		{582E33EB-9A02-482B-A9E6-AC0F7442461F}.Debug|Any CPU.ActiveCfg = Debug|Any CPU
		{582E33EB-9A02-482B-A9E6-AC0F7442461F}.Debug|Any CPU.Build.0 = Debug|Any CPU
		{582E33EB-9A02-482B-A9E6-AC0F7442461F}.Release|Any CPU.ActiveCfg = Release|Any CPU
		{582E33EB-9A02-482B-A9E6-AC0F7442461F}.Release|Any CPU.Build.0 = Release|Any CPU
		{14D91F26-61B3-4140-B27D-DE0A4F1897F9}.Debug|Any CPU.ActiveCfg = Debug|Any CPU
		{14D91F26-61B3-4140-B27D-DE0A4F1897F9}.Debug|Any CPU.Build.0 = Debug|Any CPU
		{14D91F26-61B3-4140-B27D-DE0A4F1897F9}.Release|Any CPU.ActiveCfg = Release|Any CPU
		{14D91F26-61B3-4140-B27D-DE0A4F1897F9}.Release|Any CPU.Build.0 = Release|Any CPU
		{E7F978A7-B0D7-450F-B020-B8B029ABFAC0}.Debug|Any CPU.ActiveCfg = Debug|Any CPU
		{E7F978A7-B0D7-450F-B020-B8B029ABFAC0}.Debug|Any CPU.Build.0 = Debug|Any CPU
		{E7F978A7-B0D7-450F-B020-B8B029ABFAC0}.Release|Any CPU.ActiveCfg = Release|Any CPU
		{E7F978A7-B0D7-450F-B020-B8B029ABFAC0}.Release|Any CPU.Build.0 = Release|Any CPU
		{0CDEADAB-F57E-4CAA-BF89-63C6876839D6}.Debug|Any CPU.ActiveCfg = Debug|Any CPU
		{0CDEADAB-F57E-4CAA-BF89-63C6876839D6}.Debug|Any CPU.Build.0 = Debug|Any CPU
		{0CDEADAB-F57E-4CAA-BF89-63C6876839D6}.Release|Any CPU.ActiveCfg = Release|Any CPU
		{0CDEADAB-F57E-4CAA-BF89-63C6876839D6}.Release|Any CPU.Build.0 = Release|Any CPU
		{A48148B3-C642-45F4-A6C6-304AF253968A}.Debug|Any CPU.ActiveCfg = Debug|Any CPU
		{A48148B3-C642-45F4-A6C6-304AF253968A}.Debug|Any CPU.Build.0 = Debug|Any CPU
		{A48148B3-C642-45F4-A6C6-304AF253968A}.Release|Any CPU.ActiveCfg = Release|Any CPU
		{A48148B3-C642-45F4-A6C6-304AF253968A}.Release|Any CPU.Build.0 = Release|Any CPU
		{32438257-DF6F-4020-9B72-4CEE52100BF9}.Debug|Any CPU.ActiveCfg = Debug|Any CPU
		{32438257-DF6F-4020-9B72-4CEE52100BF9}.Debug|Any CPU.Build.0 = Debug|Any CPU
		{32438257-DF6F-4020-9B72-4CEE52100BF9}.Release|Any CPU.ActiveCfg = Release|Any CPU
		{32438257-DF6F-4020-9B72-4CEE52100BF9}.Release|Any CPU.Build.0 = Release|Any CPU
		{E8FF0BB5-8EC1-4746-A6ED-B95CE8E9CA1E}.Debug|Any CPU.ActiveCfg = Debug|Any CPU
		{E8FF0BB5-8EC1-4746-A6ED-B95CE8E9CA1E}.Debug|Any CPU.Build.0 = Debug|Any CPU
		{E8FF0BB5-8EC1-4746-A6ED-B95CE8E9CA1E}.Release|Any CPU.ActiveCfg = Release|Any CPU
		{E8FF0BB5-8EC1-4746-A6ED-B95CE8E9CA1E}.Release|Any CPU.Build.0 = Release|Any CPU
		{97BD8825-2355-46E2-BE66-82A386F4EBA5}.Debug|Any CPU.ActiveCfg = Debug|Any CPU
		{97BD8825-2355-46E2-BE66-82A386F4EBA5}.Debug|Any CPU.Build.0 = Debug|Any CPU
		{97BD8825-2355-46E2-BE66-82A386F4EBA5}.Release|Any CPU.ActiveCfg = Release|Any CPU
		{97BD8825-2355-46E2-BE66-82A386F4EBA5}.Release|Any CPU.Build.0 = Release|Any CPU
		{FE1CAA6B-D0F2-4384-919E-2072E7970137}.Debug|Any CPU.ActiveCfg = Debug|Any CPU
		{FE1CAA6B-D0F2-4384-919E-2072E7970137}.Debug|Any CPU.Build.0 = Debug|Any CPU
		{FE1CAA6B-D0F2-4384-919E-2072E7970137}.Release|Any CPU.ActiveCfg = Release|Any CPU
		{FE1CAA6B-D0F2-4384-919E-2072E7970137}.Release|Any CPU.Build.0 = Release|Any CPU
		{662D4A35-BB3B-44E6-A293-ABDAF8E3179E}.Debug|Any CPU.ActiveCfg = Debug|Any CPU
		{662D4A35-BB3B-44E6-A293-ABDAF8E3179E}.Debug|Any CPU.Build.0 = Debug|Any CPU
		{662D4A35-BB3B-44E6-A293-ABDAF8E3179E}.Release|Any CPU.ActiveCfg = Release|Any CPU
		{662D4A35-BB3B-44E6-A293-ABDAF8E3179E}.Release|Any CPU.Build.0 = Release|Any CPU
		{16A30A96-70E0-4B39-BF1C-C668121DF540}.Debug|Any CPU.ActiveCfg = Debug|Any CPU
		{16A30A96-70E0-4B39-BF1C-C668121DF540}.Debug|Any CPU.Build.0 = Debug|Any CPU
		{16A30A96-70E0-4B39-BF1C-C668121DF540}.Release|Any CPU.ActiveCfg = Release|Any CPU
		{16A30A96-70E0-4B39-BF1C-C668121DF540}.Release|Any CPU.Build.0 = Release|Any CPU
		{1DEAE0FA-4311-4EA8-805B-1FD55016A696}.Debug|Any CPU.ActiveCfg = Debug|Any CPU
		{1DEAE0FA-4311-4EA8-805B-1FD55016A696}.Debug|Any CPU.Build.0 = Debug|Any CPU
		{1DEAE0FA-4311-4EA8-805B-1FD55016A696}.Release|Any CPU.ActiveCfg = Release|Any CPU
		{1DEAE0FA-4311-4EA8-805B-1FD55016A696}.Release|Any CPU.Build.0 = Release|Any CPU
		{5E3609B5-196D-4404-A076-DD27C3658036}.Debug|Any CPU.ActiveCfg = Debug|Any CPU
		{5E3609B5-196D-4404-A076-DD27C3658036}.Debug|Any CPU.Build.0 = Debug|Any CPU
		{5E3609B5-196D-4404-A076-DD27C3658036}.Release|Any CPU.ActiveCfg = Release|Any CPU
		{5E3609B5-196D-4404-A076-DD27C3658036}.Release|Any CPU.Build.0 = Release|Any CPU
		{A78C28DF-EFB3-49C5-BF98-3F81200B6279}.Debug|Any CPU.ActiveCfg = Debug|Any CPU
		{A78C28DF-EFB3-49C5-BF98-3F81200B6279}.Debug|Any CPU.Build.0 = Debug|Any CPU
		{A78C28DF-EFB3-49C5-BF98-3F81200B6279}.Release|Any CPU.ActiveCfg = Release|Any CPU
		{A78C28DF-EFB3-49C5-BF98-3F81200B6279}.Release|Any CPU.Build.0 = Release|Any CPU
		{6CBE6079-A737-4D18-99EF-5D178BF90312}.Debug|Any CPU.ActiveCfg = Debug|Any CPU
		{6CBE6079-A737-4D18-99EF-5D178BF90312}.Debug|Any CPU.Build.0 = Debug|Any CPU
		{6CBE6079-A737-4D18-99EF-5D178BF90312}.Release|Any CPU.ActiveCfg = Release|Any CPU
		{6CBE6079-A737-4D18-99EF-5D178BF90312}.Release|Any CPU.Build.0 = Release|Any CPU
		{940C4C9F-2FD4-467D-B598-08AA5BC90D5B}.Debug|Any CPU.ActiveCfg = Debug|Any CPU
		{940C4C9F-2FD4-467D-B598-08AA5BC90D5B}.Debug|Any CPU.Build.0 = Debug|Any CPU
		{940C4C9F-2FD4-467D-B598-08AA5BC90D5B}.Release|Any CPU.ActiveCfg = Release|Any CPU
		{940C4C9F-2FD4-467D-B598-08AA5BC90D5B}.Release|Any CPU.Build.0 = Release|Any CPU
		{E72EEDC0-354E-4458-8598-D293E26A7E68}.Debug|Any CPU.ActiveCfg = Debug|Any CPU
		{E72EEDC0-354E-4458-8598-D293E26A7E68}.Debug|Any CPU.Build.0 = Debug|Any CPU
		{E72EEDC0-354E-4458-8598-D293E26A7E68}.Release|Any CPU.ActiveCfg = Release|Any CPU
		{E72EEDC0-354E-4458-8598-D293E26A7E68}.Release|Any CPU.Build.0 = Release|Any CPU
		{2C1EBB0A-2B95-46B3-ADC3-F9E95C646004}.Debug|Any CPU.ActiveCfg = Debug|Any CPU
		{2C1EBB0A-2B95-46B3-ADC3-F9E95C646004}.Debug|Any CPU.Build.0 = Debug|Any CPU
		{2C1EBB0A-2B95-46B3-ADC3-F9E95C646004}.Release|Any CPU.ActiveCfg = Release|Any CPU
		{2C1EBB0A-2B95-46B3-ADC3-F9E95C646004}.Release|Any CPU.Build.0 = Release|Any CPU
		{35A7B951-806E-404D-975C-82FABFD74A49}.Debug|Any CPU.ActiveCfg = Debug|Any CPU
		{35A7B951-806E-404D-975C-82FABFD74A49}.Debug|Any CPU.Build.0 = Debug|Any CPU
		{35A7B951-806E-404D-975C-82FABFD74A49}.Release|Any CPU.ActiveCfg = Release|Any CPU
		{35A7B951-806E-404D-975C-82FABFD74A49}.Release|Any CPU.Build.0 = Release|Any CPU
		{DA297AC5-280B-40FF-B179-2E18A2C6E2A8}.Debug|Any CPU.ActiveCfg = Debug|Any CPU
		{DA297AC5-280B-40FF-B179-2E18A2C6E2A8}.Debug|Any CPU.Build.0 = Debug|Any CPU
		{DA297AC5-280B-40FF-B179-2E18A2C6E2A8}.Release|Any CPU.ActiveCfg = Release|Any CPU
		{DA297AC5-280B-40FF-B179-2E18A2C6E2A8}.Release|Any CPU.Build.0 = Release|Any CPU
		{94C7682B-78F0-4215-8203-5DC3DFAEDA5D}.Debug|Any CPU.ActiveCfg = Debug|Any CPU
		{94C7682B-78F0-4215-8203-5DC3DFAEDA5D}.Debug|Any CPU.Build.0 = Debug|Any CPU
		{94C7682B-78F0-4215-8203-5DC3DFAEDA5D}.Release|Any CPU.ActiveCfg = Release|Any CPU
		{94C7682B-78F0-4215-8203-5DC3DFAEDA5D}.Release|Any CPU.Build.0 = Release|Any CPU
		{8EEF975C-AED5-4A9B-8CA3-3F4CE1744506}.Debug|Any CPU.ActiveCfg = Debug|Any CPU
		{8EEF975C-AED5-4A9B-8CA3-3F4CE1744506}.Debug|Any CPU.Build.0 = Debug|Any CPU
		{8EEF975C-AED5-4A9B-8CA3-3F4CE1744506}.Release|Any CPU.ActiveCfg = Release|Any CPU
		{8EEF975C-AED5-4A9B-8CA3-3F4CE1744506}.Release|Any CPU.Build.0 = Release|Any CPU
		{DCA5CC82-4B6E-48B1-8110-5B384F4B6140}.Debug|Any CPU.ActiveCfg = Debug|Any CPU
		{DCA5CC82-4B6E-48B1-8110-5B384F4B6140}.Debug|Any CPU.Build.0 = Debug|Any CPU
		{DCA5CC82-4B6E-48B1-8110-5B384F4B6140}.Release|Any CPU.ActiveCfg = Release|Any CPU
		{DCA5CC82-4B6E-48B1-8110-5B384F4B6140}.Release|Any CPU.Build.0 = Release|Any CPU
		{CD2E5F08-ABC6-405C-874D-A04AD6CC32AC}.Debug|Any CPU.ActiveCfg = Debug|Any CPU
		{CD2E5F08-ABC6-405C-874D-A04AD6CC32AC}.Debug|Any CPU.Build.0 = Debug|Any CPU
		{CD2E5F08-ABC6-405C-874D-A04AD6CC32AC}.Release|Any CPU.ActiveCfg = Release|Any CPU
		{CD2E5F08-ABC6-405C-874D-A04AD6CC32AC}.Release|Any CPU.Build.0 = Release|Any CPU
	EndGlobalSection
	GlobalSection(SolutionProperties) = preSolution
		HideSolutionNode = FALSE
	EndGlobalSection
	GlobalSection(ExtensibilityGlobals) = postSolution
		SolutionGuid = {99289AFE-A262-472C-8101-B2BF44FC556E}
	EndGlobalSection
EndGlobal
